
Microsoft Visual Studio Solution File, Format Version 12.00
# Visual Studio 2013
VisualStudioVersion = 12.0.21005.1
MinimumVisualStudioVersion = 10.0.40219.1
Project("{FAE04EC0-301F-11D3-BF4B-00C04F79EFBC}") = "CyberCube Windows", "Cyber Cube\Cyber_Cube\CyberCube Windows.csproj", "{167B0FD5-FD2F-444E-BBB9-2723201AE65B}"
EndProject
Project("{FAE04EC0-301F-11D3-BF4B-00C04F79EFBC}") = "CyberCubeContent", "Cyber Cube\Cyber_CubeContent\CyberCubeContent.contentproj", "{FB88EB67-FC26-4548-9607-B575B694AE10}"
EndProject
Project("{FAE04EC0-301F-11D3-BF4B-00C04F79EFBC}") = "CyberCube Xbox 360", "Cyber Cube\Cyber_Cube\CyberCube Xbox 360.csproj", "{909DC58A-0787-477E-9E5D-75634D5A28C4}"
EndProject
Global
	GlobalSection(SolutionConfigurationPlatforms) = preSolution
		Debug|Mixed Platforms = Debug|Mixed Platforms
		Debug|x86 = Debug|x86
		Debug|Xbox 360 = Debug|Xbox 360
		Release|Mixed Platforms = Release|Mixed Platforms
		Release|x86 = Release|x86
		Release|Xbox 360 = Release|Xbox 360
	EndGlobalSection
	GlobalSection(ProjectConfigurationPlatforms) = postSolution
		{167B0FD5-FD2F-444E-BBB9-2723201AE65B}.Debug|Mixed Platforms.ActiveCfg = Debug|x86
		{167B0FD5-FD2F-444E-BBB9-2723201AE65B}.Debug|Mixed Platforms.Build.0 = Debug|x86
		{167B0FD5-FD2F-444E-BBB9-2723201AE65B}.Debug|x86.ActiveCfg = Debug|x86
		{167B0FD5-FD2F-444E-BBB9-2723201AE65B}.Debug|x86.Build.0 = Debug|x86
		{167B0FD5-FD2F-444E-BBB9-2723201AE65B}.Debug|Xbox 360.ActiveCfg = Debug|x86
		{167B0FD5-FD2F-444E-BBB9-2723201AE65B}.Debug|Xbox 360.Build.0 = Debug|x86
		{167B0FD5-FD2F-444E-BBB9-2723201AE65B}.Release|Mixed Platforms.ActiveCfg = Release|x86
		{167B0FD5-FD2F-444E-BBB9-2723201AE65B}.Release|Mixed Platforms.Build.0 = Release|x86
		{167B0FD5-FD2F-444E-BBB9-2723201AE65B}.Release|x86.ActiveCfg = Release|x86
		{167B0FD5-FD2F-444E-BBB9-2723201AE65B}.Release|x86.Build.0 = Release|x86
		{167B0FD5-FD2F-444E-BBB9-2723201AE65B}.Release|Xbox 360.ActiveCfg = Release|x86
		{167B0FD5-FD2F-444E-BBB9-2723201AE65B}.Release|Xbox 360.Build.0 = Release|x86
		{FB88EB67-FC26-4548-9607-B575B694AE10}.Debug|Mixed Platforms.ActiveCfg = Debug|x86
		{FB88EB67-FC26-4548-9607-B575B694AE10}.Debug|x86.ActiveCfg = Debug|x86
		{FB88EB67-FC26-4548-9607-B575B694AE10}.Debug|Xbox 360.ActiveCfg = Debug|x86
		{FB88EB67-FC26-4548-9607-B575B694AE10}.Release|Mixed Platforms.ActiveCfg = Release|x86
		{FB88EB67-FC26-4548-9607-B575B694AE10}.Release|x86.ActiveCfg = Release|x86
		{FB88EB67-FC26-4548-9607-B575B694AE10}.Release|Xbox 360.ActiveCfg = Release|x86
		{909DC58A-0787-477E-9E5D-75634D5A28C4}.Debug|Mixed Platforms.ActiveCfg = Debug|Xbox 360
		{909DC58A-0787-477E-9E5D-75634D5A28C4}.Debug|Mixed Platforms.Build.0 = Debug|Xbox 360
		{909DC58A-0787-477E-9E5D-75634D5A28C4}.Debug|Mixed Platforms.Deploy.0 = Debug|Xbox 360
		{909DC58A-0787-477E-9E5D-75634D5A28C4}.Debug|x86.ActiveCfg = Debug|Xbox 360
		{909DC58A-0787-477E-9E5D-75634D5A28C4}.Debug|x86.Build.0 = Debug|Xbox 360
		{909DC58A-0787-477E-9E5D-75634D5A28C4}.Debug|Xbox 360.ActiveCfg = Debug|Xbox 360
		{909DC58A-0787-477E-9E5D-75634D5A28C4}.Debug|Xbox 360.Build.0 = Debug|Xbox 360
		{909DC58A-0787-477E-9E5D-75634D5A28C4}.Debug|Xbox 360.Deploy.0 = Debug|Xbox 360
		{909DC58A-0787-477E-9E5D-75634D5A28C4}.Release|Mixed Platforms.ActiveCfg = Release|Xbox 360
		{909DC58A-0787-477E-9E5D-75634D5A28C4}.Release|Mixed Platforms.Build.0 = Release|Xbox 360
		{909DC58A-0787-477E-9E5D-75634D5A28C4}.Release|Mixed Platforms.Deploy.0 = Release|Xbox 360
		{909DC58A-0787-477E-9E5D-75634D5A28C4}.Release|x86.ActiveCfg = Release|Xbox 360
		{909DC58A-0787-477E-9E5D-75634D5A28C4}.Release|x86.Build.0 = Release|Xbox 360
		{909DC58A-0787-477E-9E5D-75634D5A28C4}.Release|Xbox 360.ActiveCfg = Release|Xbox 360
		{909DC58A-0787-477E-9E5D-75634D5A28C4}.Release|Xbox 360.Build.0 = Release|Xbox 360
		{909DC58A-0787-477E-9E5D-75634D5A28C4}.Release|Xbox 360.Deploy.0 = Release|Xbox 360
	EndGlobalSection
	GlobalSection(SolutionProperties) = preSolution
		HideSolutionNode = FALSE
	EndGlobalSection
EndGlobal
